// !$*UTF8*$!
{
	archiveVersion = 1;
	classes = {
	};
	objectVersion = 46;
	objects = {

/* Begin PBXBuildFile section */
		2CD10A621D4F9EC8000D76C8 /* AppDelegate.swift in Sources */ = {isa = PBXBuildFile; fileRef = 2CD10A611D4F9EC8000D76C8 /* AppDelegate.swift */; };
		2CD10A641D4F9EC8000D76C8 /* ViewController.swift in Sources */ = {isa = PBXBuildFile; fileRef = 2CD10A631D4F9EC8000D76C8 /* ViewController.swift */; };
		2CD10A671D4F9EC8000D76C8 /* Main.storyboard in Resources */ = {isa = PBXBuildFile; fileRef = 2CD10A651D4F9EC8000D76C8 /* Main.storyboard */; };
		2CD10A691D4F9EC8000D76C8 /* Assets.xcassets in Resources */ = {isa = PBXBuildFile; fileRef = 2CD10A681D4F9EC8000D76C8 /* Assets.xcassets */; };
		2CD10A6C1D4F9EC8000D76C8 /* LaunchScreen.storyboard in Resources */ = {isa = PBXBuildFile; fileRef = 2CD10A6A1D4F9EC8000D76C8 /* LaunchScreen.storyboard */; };
		2CD10A771D4F9EC8000D76C8 /* HamburguesasTests.swift in Sources */ = {isa = PBXBuildFile; fileRef = 2CD10A761D4F9EC8000D76C8 /* HamburguesasTests.swift */; };
		2CD10A821D4F9EC8000D76C8 /* HamburguesasUITests.swift in Sources */ = {isa = PBXBuildFile; fileRef = 2CD10A811D4F9EC8000D76C8 /* HamburguesasUITests.swift */; };
		2CD10A901D4F9F56000D76C8 /* Datos.swift in Sources */ = {isa = PBXBuildFile; fileRef = 2CD10A8F1D4F9F56000D76C8 /* Datos.swift */; };
/* End PBXBuildFile section */

/* Begin PBXContainerItemProxy section */
		2CD10A731D4F9EC8000D76C8 /* PBXContainerItemProxy */ = {
			isa = PBXContainerItemProxy;
			containerPortal = 2CD10A561D4F9EC8000D76C8 /* Project object */;
			proxyType = 1;
			remoteGlobalIDString = 2CD10A5D1D4F9EC8000D76C8;
			remoteInfo = Hamburguesas;
		};
		2CD10A7E1D4F9EC8000D76C8 /* PBXContainerItemProxy */ = {
			isa = PBXContainerItemProxy;
			containerPortal = 2CD10A561D4F9EC8000D76C8 /* Project object */;
			proxyType = 1;
			remoteGlobalIDString = 2CD10A5D1D4F9EC8000D76C8;
			remoteInfo = Hamburguesas;
		};
/* End PBXContainerItemProxy section */

/* Begin PBXFileReference section */
		2CD10A5E1D4F9EC8000D76C8 /* Hamburguesas.app */ = {isa = PBXFileReference; explicitFileType = wrapper.application; includeInIndex = 0; path = Hamburguesas.app; sourceTree = BUILT_PRODUCTS_DIR; };
		2CD10A611D4F9EC8000D76C8 /* AppDelegate.swift */ = {isa = PBXFileReference; lastKnownFileType = sourcecode.swift; path = AppDelegate.swift; sourceTree = "<group>"; };
		2CD10A631D4F9EC8000D76C8 /* ViewController.swift */ = {isa = PBXFileReference; lastKnownFileType = sourcecode.swift; path = ViewController.swift; sourceTree = "<group>"; };
		2CD10A661D4F9EC8000D76C8 /* Base */ = {isa = PBXFileReference; lastKnownFileType = file.storyboard; name = Base; path = Base.lproj/Main.storyboard; sourceTree = "<group>"; };
		2CD10A681D4F9EC8000D76C8 /* Assets.xcassets */ = {isa = PBXFileReference; lastKnownFileType = folder.assetcatalog; path = Assets.xcassets; sourceTree = "<group>"; };
		2CD10A6B1D4F9EC8000D76C8 /* Base */ = {isa = PBXFileReference; lastKnownFileType = file.storyboard; name = Base; path = Base.lproj/LaunchScreen.storyboard; sourceTree = "<group>"; };
		2CD10A6D1D4F9EC8000D76C8 /* Info.plist */ = {isa = PBXFileReference; lastKnownFileType = text.plist.xml; path = Info.plist; sourceTree = "<group>"; };
		2CD10A721D4F9EC8000D76C8 /* HamburguesasTests.xctest */ = {isa = PBXFileReference; explicitFileType = wrapper.cfbundle; includeInIndex = 0; path = HamburguesasTests.xctest; sourceTree = BUILT_PRODUCTS_DIR; };
		2CD10A761D4F9EC8000D76C8 /* HamburguesasTests.swift */ = {isa = PBXFileReference; lastKnownFileType = sourcecode.swift; path = HamburguesasTests.swift; sourceTree = "<group>"; };
		2CD10A781D4F9EC8000D76C8 /* Info.plist */ = {isa = PBXFileReference; lastKnownFileType = text.plist.xml; path = Info.plist; sourceTree = "<group>"; };
		2CD10A7D1D4F9EC8000D76C8 /* HamburguesasUITests.xctest */ = {isa = PBXFileReference; explicitFileType = wrapper.cfbundle; includeInIndex = 0; path = HamburguesasUITests.xctest; sourceTree = BUILT_PRODUCTS_DIR; };
		2CD10A811D4F9EC8000D76C8 /* HamburguesasUITests.swift */ = {isa = PBXFileReference; lastKnownFileType = sourcecode.swift; path = HamburguesasUITests.swift; sourceTree = "<group>"; };
		2CD10A831D4F9EC8000D76C8 /* Info.plist */ = {isa = PBXFileReference; lastKnownFileType = text.plist.xml; path = Info.plist; sourceTree = "<group>"; };
		2CD10A8F1D4F9F56000D76C8 /* Datos.swift */ = {isa = PBXFileReference; fileEncoding = 4; lastKnownFileType = sourcecode.swift; path = Datos.swift; sourceTree = "<group>"; };
/* End PBXFileReference section */

/* Begin PBXFrameworksBuildPhase section */
		2CD10A5B1D4F9EC8000D76C8 /* Frameworks */ = {
			isa = PBXFrameworksBuildPhase;
			buildActionMask = 2147483647;
			files = (
			);
			runOnlyForDeploymentPostprocessing = 0;
		};
		2CD10A6F1D4F9EC8000D76C8 /* Frameworks */ = {
			isa = PBXFrameworksBuildPhase;
			buildActionMask = 2147483647;
			files = (
			);
			runOnlyForDeploymentPostprocessing = 0;
		};
		2CD10A7A1D4F9EC8000D76C8 /* Frameworks */ = {
			isa = PBXFrameworksBuildPhase;
			buildActionMask = 2147483647;
			files = (
			);
			runOnlyForDeploymentPostprocessing = 0;
		};
/* End PBXFrameworksBuildPhase section */

/* Begin PBXGroup section */
		2CD10A551D4F9EC8000D76C8 = {
			isa = PBXGroup;
			children = (
				2CD10A601D4F9EC8000D76C8 /* Hamburguesas */,
				2CD10A751D4F9EC8000D76C8 /* HamburguesasTests */,
				2CD10A801D4F9EC8000D76C8 /* HamburguesasUITests */,
				2CD10A5F1D4F9EC8000D76C8 /* Products */,
			);
			sourceTree = "<group>";
		};
		2CD10A5F1D4F9EC8000D76C8 /* Products */ = {
			isa = PBXGroup;
			children = (
				2CD10A5E1D4F9EC8000D76C8 /* Hamburguesas.app */,
				2CD10A721D4F9EC8000D76C8 /* HamburguesasTests.xctest */,
				2CD10A7D1D4F9EC8000D76C8 /* HamburguesasUITests.xctest */,
			);
			name = Products;
			sourceTree = "<group>";
		};
		2CD10A601D4F9EC8000D76C8 /* Hamburguesas */ = {
			isa = PBXGroup;
			children = (
				2CD10A8F1D4F9F56000D76C8 /* Datos.swift */,
				2CD10A611D4F9EC8000D76C8 /* AppDelegate.swift */,
				2CD10A631D4F9EC8000D76C8 /* ViewController.swift */,
				2CD10A651D4F9EC8000D76C8 /* Main.storyboard */,
				2CD10A681D4F9EC8000D76C8 /* Assets.xcassets */,
				2CD10A6A1D4F9EC8000D76C8 /* LaunchScreen.storyboard */,
				2CD10A6D1D4F9EC8000D76C8 /* Info.plist */,
			);
			path = Hamburguesas;
			sourceTree = "<group>";
		};
		2CD10A751D4F9EC8000D76C8 /* HamburguesasTests */ = {
			isa = PBXGroup;
			children = (
				2CD10A761D4F9EC8000D76C8 /* HamburguesasTests.swift */,
				2CD10A781D4F9EC8000D76C8 /* Info.plist */,
			);
			path = HamburguesasTests;
			sourceTree = "<group>";
		};
		2CD10A801D4F9EC8000D76C8 /* HamburguesasUITests */ = {
			isa = PBXGroup;
			children = (
				2CD10A811D4F9EC8000D76C8 /* HamburguesasUITests.swift */,
				2CD10A831D4F9EC8000D76C8 /* Info.plist */,
			);
			path = HamburguesasUITests;
			sourceTree = "<group>";
		};
/* End PBXGroup section */

/* Begin PBXNativeTarget section */
		2CD10A5D1D4F9EC8000D76C8 /* Hamburguesas */ = {
			isa = PBXNativeTarget;
			buildConfigurationList = 2CD10A861D4F9EC8000D76C8 /* Build configuration list for PBXNativeTarget "Hamburguesas" */;
			buildPhases = (
				2CD10A5A1D4F9EC8000D76C8 /* Sources */,
				2CD10A5B1D4F9EC8000D76C8 /* Frameworks */,
				2CD10A5C1D4F9EC8000D76C8 /* Resources */,
			);
			buildRules = (
			);
			dependencies = (
			);
			name = Hamburguesas;
			productName = Hamburguesas;
			productReference = 2CD10A5E1D4F9EC8000D76C8 /* Hamburguesas.app */;
			productType = "com.apple.product-type.application";
		};
		2CD10A711D4F9EC8000D76C8 /* HamburguesasTests */ = {
			isa = PBXNativeTarget;
			buildConfigurationList = 2CD10A891D4F9EC8000D76C8 /* Build configuration list for PBXNativeTarget "HamburguesasTests" */;
			buildPhases = (
				2CD10A6E1D4F9EC8000D76C8 /* Sources */,
				2CD10A6F1D4F9EC8000D76C8 /* Frameworks */,
				2CD10A701D4F9EC8000D76C8 /* Resources */,
			);
			buildRules = (
			);
			dependencies = (
				2CD10A741D4F9EC8000D76C8 /* PBXTargetDependency */,
			);
			name = HamburguesasTests;
			productName = HamburguesasTests;
			productReference = 2CD10A721D4F9EC8000D76C8 /* HamburguesasTests.xctest */;
			productType = "com.apple.product-type.bundle.unit-test";
		};
		2CD10A7C1D4F9EC8000D76C8 /* HamburguesasUITests */ = {
			isa = PBXNativeTarget;
			buildConfigurationList = 2CD10A8C1D4F9EC8000D76C8 /* Build configuration list for PBXNativeTarget "HamburguesasUITests" */;
			buildPhases = (
				2CD10A791D4F9EC8000D76C8 /* Sources */,
				2CD10A7A1D4F9EC8000D76C8 /* Frameworks */,
				2CD10A7B1D4F9EC8000D76C8 /* Resources */,
			);
			buildRules = (
			);
			dependencies = (
				2CD10A7F1D4F9EC8000D76C8 /* PBXTargetDependency */,
			);
			name = HamburguesasUITests;
			productName = HamburguesasUITests;
			productReference = 2CD10A7D1D4F9EC8000D76C8 /* HamburguesasUITests.xctest */;
			productType = "com.apple.product-type.bundle.ui-testing";
		};
/* End PBXNativeTarget section */

/* Begin PBXProject section */
		2CD10A561D4F9EC8000D76C8 /* Project object */ = {
			isa = PBXProject;
			attributes = {
				LastSwiftUpdateCheck = 0730;
				LastUpgradeCheck = 0730;
				ORGANIZATIONNAME = oscarzarco;
				TargetAttributes = {
					2CD10A5D1D4F9EC8000D76C8 = {
						CreatedOnToolsVersion = 7.3.1;
						DevelopmentTeam = X285TGPKHC;
					};
					2CD10A711D4F9EC8000D76C8 = {
						CreatedOnToolsVersion = 7.3.1;
						DevelopmentTeam = X285TGPKHC;
						TestTargetID = 2CD10A5D1D4F9EC8000D76C8;
					};
					2CD10A7C1D4F9EC8000D76C8 = {
						CreatedOnToolsVersion = 7.3.1;
						DevelopmentTeam = X285TGPKHC;
						TestTargetID = 2CD10A5D1D4F9EC8000D76C8;
					};
				};
			};
			buildConfigurationList = 2CD10A591D4F9EC8000D76C8 /* Build configuration list for PBXProject "Hamburguesas" */;
			compatibilityVersion = "Xcode 3.2";
			developmentRegion = English;
			hasScannedForEncodings = 0;
			knownRegions = (
				en,
				Base,
			);
			mainGroup = 2CD10A551D4F9EC8000D76C8;
			productRefGroup = 2CD10A5F1D4F9EC8000D76C8 /* Products */;
			projectDirPath = "";
			projectRoot = "";
			targets = (
				2CD10A5D1D4F9EC8000D76C8 /* Hamburguesas */,
				2CD10A711D4F9EC8000D76C8 /* HamburguesasTests */,
				2CD10A7C1D4F9EC8000D76C8 /* HamburguesasUITests */,
			);
		};
/* End PBXProject section */

/* Begin PBXResourcesBuildPhase section */
		2CD10A5C1D4F9EC8000D76C8 /* Resources */ = {
			isa = PBXResourcesBuildPhase;
			buildActionMask = 2147483647;
			files = (
				2CD10A6C1D4F9EC8000D76C8 /* LaunchScreen.storyboard in Resources */,
				2CD10A691D4F9EC8000D76C8 /* Assets.xcassets in Resources */,
				2CD10A671D4F9EC8000D76C8 /* Main.storyboard in Resources */,
			);
			runOnlyForDeploymentPostprocessing = 0;
		};
		2CD10A701D4F9EC8000D76C8 /* Resources */ = {
			isa = PBXResourcesBuildPhase;
			buildActionMask = 2147483647;
			files = (
			);
			runOnlyForDeploymentPostprocessing = 0;
		};
		2CD10A7B1D4F9EC8000D76C8 /* Resources */ = {
			isa = PBXResourcesBuildPhase;
			buildActionMask = 2147483647;
			files = (
			);
			runOnlyForDeploymentPostprocessing = 0;
		};
/* End PBXResourcesBuildPhase section */

/* Begin PBXSourcesBuildPhase section */
		2CD10A5A1D4F9EC8000D76C8 /* Sources */ = {
			isa = PBXSourcesBuildPhase;
			buildActionMask = 2147483647;
			files = (
				2CD10A641D4F9EC8000D76C8 /* ViewController.swift in Sources */,
				2CD10A621D4F9EC8000D76C8 /* AppDelegate.swift in Sources */,
				2CD10A901D4F9F56000D76C8 /* Datos.swift in Sources */,
			);
			runOnlyForDeploymentPostprocessing = 0;
		};
		2CD10A6E1D4F9EC8000D76C8 /* Sources */ = {
			isa = PBXSourcesBuildPhase;
			buildActionMask = 2147483647;
			files = (
				2CD10A771D4F9EC8000D76C8 /* HamburguesasTests.swift in Sources */,
			);
			runOnlyForDeploymentPostprocessing = 0;
		};
		2CD10A791D4F9EC8000D76C8 /* Sources */ = {
			isa = PBXSourcesBuildPhase;
			buildActionMask = 2147483647;
			files = (
				2CD10A821D4F9EC8000D76C8 /* HamburguesasUITests.swift in Sources */,
			);
			runOnlyForDeploymentPostprocessing = 0;
		};
/* End PBXSourcesBuildPhase section */

/* Begin PBXTargetDependency section */
		2CD10A741D4F9EC8000D76C8 /* PBXTargetDependency */ = {
			isa = PBXTargetDependency;
			target = 2CD10A5D1D4F9EC8000D76C8 /* Hamburguesas */;
			targetProxy = 2CD10A731D4F9EC8000D76C8 /* PBXContainerItemProxy */;
		};
		2CD10A7F1D4F9EC8000D76C8 /* PBXTargetDependency */ = {
			isa = PBXTargetDependency;
			target = 2CD10A5D1D4F9EC8000D76C8 /* Hamburguesas */;
			targetProxy = 2CD10A7E1D4F9EC8000D76C8 /* PBXContainerItemProxy */;
		};
/* End PBXTargetDependency section */

/* Begin PBXVariantGroup section */
		2CD10A651D4F9EC8000D76C8 /* Main.storyboard */ = {
			isa = PBXVariantGroup;
			children = (
				2CD10A661D4F9EC8000D76C8 /* Base */,
			);
			name = Main.storyboard;
			sourceTree = "<group>";
		};
		2CD10A6A1D4F9EC8000D76C8 /* LaunchScreen.storyboard */ = {
			isa = PBXVariantGroup;
			children = (
				2CD10A6B1D4F9EC8000D76C8 /* Base */,
			);
			name = LaunchScreen.storyboard;
			sourceTree = "<group>";
		};
/* End PBXVariantGroup section */

/* Begin XCBuildConfiguration section */
		2CD10A841D4F9EC8000D76C8 /* Debug */ = {
			isa = XCBuildConfiguration;
			buildSettings = {
				ALWAYS_SEARCH_USER_PATHS = NO;
				CLANG_ANALYZER_NONNULL = YES;
				CLANG_CXX_LANGUAGE_STANDARD = "gnu++0x";
				CLANG_CXX_LIBRARY = "libc++";
				CLANG_ENABLE_MODULES = YES;
				CLANG_ENABLE_OBJC_ARC = YES;
				CLANG_WARN_BOOL_CONVERSION = YES;
				CLANG_WARN_CONSTANT_CONVERSION = YES;
				CLANG_WARN_DIRECT_OBJC_ISA_USAGE = YES_ERROR;
				CLANG_WARN_EMPTY_BODY = YES;
				CLANG_WARN_ENUM_CONVERSION = YES;
				CLANG_WARN_INT_CONVERSION = YES;
				CLANG_WARN_OBJC_ROOT_CLASS = YES_ERROR;
				CLANG_WARN_UNREACHABLE_CODE = YES;
				CLANG_WARN__DUPLICATE_METHOD_MATCH = YES;
				"CODE_SIGN_IDENTITY[sdk=iphoneos*]" = "iPhone Developer";
				COPY_PHASE_STRIP = NO;
				DEBUG_INFORMATION_FORMAT = dwarf;
				ENABLE_STRICT_OBJC_MSGSEND = YES;
				ENABLE_TESTABILITY = YES;
				GCC_C_LANGUAGE_STANDARD = gnu99;
				GCC_DYNAMIC_NO_PIC = NO;
				GCC_NO_COMMON_BLOCKS = YES;
				GCC_OPTIMIZATION_LEVEL = 0;
				GCC_PREPROCESSOR_DEFINITIONS = (
					"DEBUG=1",
					"$(inherited)",
				);
				GCC_WARN_64_TO_32_BIT_CONVERSION = YES;
				GCC_WARN_ABOUT_RETURN_TYPE = YES_ERROR;
				GCC_WARN_UNDECLARED_SELECTOR = YES;
				GCC_WARN_UNINITIALIZED_AUTOS = YES_AGGRESSIVE;
				GCC_WARN_UNUSED_FUNCTION = YES;
				GCC_WARN_UNUSED_VARIABLE = YES;
				IPHONEOS_DEPLOYMENT_TARGET = 9.3;
				MTL_ENABLE_DEBUG_INFO = YES;
				ONLY_ACTIVE_ARCH = YES;
				SDKROOT = iphoneos;
				SWIFT_OPTIMIZATION_LEVEL = "-Onone";
			};
			name = Debug;
		};
		2CD10A851D4F9EC8000D76C8 /* Release */ = {
			isa = XCBuildConfiguration;
			buildSettings = {
				ALWAYS_SEARCH_USER_PATHS = NO;
				CLANG_ANALYZER_NONNULL = YES;
				CLANG_CXX_LANGUAGE_STANDARD = "gnu++0x";
				CLANG_CXX_LIBRARY = "libc++";
				CLANG_ENABLE_MODULES = YES;
				CLANG_ENABLE_OBJC_ARC = YES;
				CLANG_WARN_BOOL_CONVERSION = YES;
				CLANG_WARN_CONSTANT_CONVERSION = YES;
				CLANG_WARN_DIRECT_OBJC_ISA_USAGE = YES_ERROR;
				CLANG_WARN_EMPTY_BODY = YES;
				CLANG_WARN_ENUM_CONVERSION = YES;
				CLANG_WARN_INT_CONVERSION = YES;
				CLANG_WARN_OBJC_ROOT_CLASS = YES_ERROR;
				CLANG_WARN_UNREACHABLE_CODE = YES;
				CLANG_WARN__DUPLICATE_METHOD_MATCH = YES;
				"CODE_SIGN_IDENTITY[sdk=iphoneos*]" = "iPhone Developer";
				COPY_PHASE_STRIP = NO;
				DEBUG_INFORMATION_FORMAT = "dwarf-with-dsym";
				ENABLE_NS_ASSERTIONS = NO;
				ENABLE_STRICT_OBJC_MSGSEND = YES;
				GCC_C_LANGUAGE_STANDARD = gnu99;
				GCC_NO_COMMON_BLOCKS = YES;
				GCC_WARN_64_TO_32_BIT_CONVERSION = YES;
				GCC_WARN_ABOUT_RETURN_TYPE = YES_ERROR;
				GCC_WARN_UNDECLARED_SELECTOR = YES;
				GCC_WARN_UNINITIALIZED_AUTOS = YES_AGGRESSIVE;
				GCC_WARN_UNUSED_FUNCTION = YES;
				GCC_WARN_UNUSED_VARIABLE = YES;
				IPHONEOS_DEPLOYMENT_TARGET = 9.3;
				MTL_ENABLE_DEBUG_INFO = NO;
				SDKROOT = iphoneos;
				VALIDATE_PRODUCT = YES;
			};
			name = Release;
		};
		2CD10A871D4F9EC8000D76C8 /* Debug */ = {
			isa = XCBuildConfiguration;
			buildSettings = {
				ASSETCATALOG_COMPILER_APPICON_NAME = AppIcon;
				INFOPLIST_FILE = Hamburguesas/Info.plist;
				LD_RUNPATH_SEARCH_PATHS = "$(inherited) @executable_path/Frameworks";
				PRODUCT_BUNDLE_IDENTIFIER = com.zarco.Hamburguesas;
				PRODUCT_NAME = "$(TARGET_NAME)";
			};
			name = Debug;
		};
		2CD10A881D4F9EC8000D76C8 /* Release */ = {
			isa = XCBuildConfiguration;
			buildSettings = {
				ASSETCATALOG_COMPILER_APPICON_NAME = AppIcon;
				INFOPLIST_FILE = Hamburguesas/Info.plist;
				LD_RUNPATH_SEARCH_PATHS = "$(inherited) @executable_path/Frameworks";
				PRODUCT_BUNDLE_IDENTIFIER = com.zarco.Hamburguesas;
				PRODUCT_NAME = "$(TARGET_NAME)";
			};
			name = Release;
		};
		2CD10A8A1D4F9EC8000D76C8 /* Debug */ = {
			isa = XCBuildConfiguration;
			buildSettings = {
				BUNDLE_LOADER = "$(TEST_HOST)";
				INFOPLIST_FILE = HamburguesasTests/Info.plist;
				LD_RUNPATH_SEARCH_PATHS = "$(inherited) @executable_path/Frameworks @loader_path/Frameworks";
				PRODUCT_BUNDLE_IDENTIFIER = com.zarcodev.HamburguesasTests;
				PRODUCT_NAME = "$(TARGET_NAME)";
				TEST_HOST = "$(BUILT_PRODUCTS_DIR)/Hamburguesas.app/Hamburguesas";
			};
			name = Debug;
		};
		2CD10A8B1D4F9EC8000D76C8 /* Release */ = {
			isa = XCBuildConfiguration;
			buildSettings = {
				BUNDLE_LOADER = "$(TEST_HOST)";
				INFOPLIST_FILE = HamburguesasTests/Info.plist;
				LD_RUNPATH_SEARCH_PATHS = "$(inherited) @executable_path/Frameworks @loader_path/Frameworks";
				PRODUCT_BUNDLE_IDENTIFIER = com.zarcodev.HamburguesasTests;
				PRODUCT_NAME = "$(TARGET_NAME)";
				TEST_HOST = "$(BUILT_PRODUCTS_DIR)/Hamburguesas.app/Hamburguesas";
			};
			name = Release;
		};
		2CD10A8D1D4F9EC8000D76C8 /* Debug */ = {
			isa = XCBuildConfiguration;
			buildSettings = {
				INFOPLIST_FILE = HamburguesasUITests/Info.plist;
				LD_RUNPATH_SEARCH_PATHS = "$(inherited) @executable_path/Frameworks @loader_path/Frameworks";
				PRODUCT_BUNDLE_IDENTIFIER = com.zarcodev.HamburguesasUITests;
				PRODUCT_NAME = "$(TARGET_NAME)";
				TEST_TARGET_NAME = Hamburguesas;
			};
			name = Debug;
		};
		2CD10A8E1D4F9EC8000D76C8 /* Release */ = {
			isa = XCBuildConfiguration;
			buildSettings = {
				INFOPLIST_FILE = HamburguesasUITests/Info.plist;
				LD_RUNPATH_SEARCH_PATHS = "$(inherited) @executable_path/Frameworks @loader_path/Frameworks";
				PRODUCT_BUNDLE_IDENTIFIER = com.zarcodev.HamburguesasUITests;
				PRODUCT_NAME = "$(TARGET_NAME)";
				TEST_TARGET_NAME = Hamburguesas;
			};
			name = Release;
		};
/* End XCBuildConfiguration section */

/* Begin XCConfigurationList section */
		2CD10A591D4F9EC8000D76C8 /* Build configuration list for PBXProject "Hamburguesas" */ = {
			isa = XCConfigurationList;
			buildConfigurations = (
				2CD10A841D4F9EC8000D76C8 /* Debug */,
				2CD10A851D4F9EC8000D76C8 /* Release */,
			);
			defaultConfigurationIsVisible = 0;
			defaultConfigurationName = Release;
		};
		2CD10A861D4F9EC8000D76C8 /* Build configuration list for PBXNativeTarget "Hamburguesas" */ = {
			isa = XCConfigurationList;
			buildConfigurations = (
				2CD10A871D4F9EC8000D76C8 /* Debug */,
				2CD10A881D4F9EC8000D76C8 /* Release */,
			);
			defaultConfigurationIsVisible = 0;
		};
		2CD10A891D4F9EC8000D76C8 /* Build configuration list for PBXNativeTarget "HamburguesasTests" */ = {
			isa = XCConfigurationList;
			buildConfigurations = (
				2CD10A8A1D4F9EC8000D76C8 /* Debug */,
				2CD10A8B1D4F9EC8000D76C8 /* Release */,
			);
			defaultConfigurationIsVisible = 0;
		};
		2CD10A8C1D4F9EC8000D76C8 /* Build configuration list for PBXNativeTarget "HamburguesasUITests" */ = {
			isa = XCConfigurationList;
			buildConfigurations = (
				2CD10A8D1D4F9EC8000D76C8 /* Debug */,
				2CD10A8E1D4F9EC8000D76C8 /* Release */,
			);
			defaultConfigurationIsVisible = 0;
		};
/* End XCConfigurationList section */
	};
	rootObject = 2CD10A561D4F9EC8000D76C8 /* Project object */;
}
